
Microsoft Visual Studio Solution File, Format Version 12.00
# Visual Studio Version 17
VisualStudioVersion = 17.4.33122.133
MinimumVisualStudioVersion = 10.0.40219.1
Project("{9A19103F-16F7-4668-BE54-9A1E7A4F7556}") = "bank-api-project", "bank-api-project\bank-api-project.csproj", "{5457B1A0-50BD-413B-8124-B06FBF601203}"
EndProject
Project("{FAE04EC0-301F-11D3-BF4B-00C04F79EFBC}") = "Solid.Core", "Solid.Core\Solid.Core.csproj", "{3D44902B-9656-4860-9F63-F8FA0A33EEF7}"
EndProject
Project("{FAE04EC0-301F-11D3-BF4B-00C04F79EFBC}") = "Solid.Data", "Solid.Data\Solid.Data.csproj", "{79D61DE9-78D4-4059-992F-3A9A3A0D9A61}"
EndProject
Project("{FAE04EC0-301F-11D3-BF4B-00C04F79EFBC}") = "Solid.Service", "Solid.Service\Solid.Service.csproj", "{64D0BAD8-8DC3-4243-A53C-CEB6B044E770}"
EndProject
Global
	GlobalSection(SolutionConfigurationPlatforms) = preSolution
		Debug|Any CPU = Debug|Any CPU
		Release|Any CPU = Release|Any CPU
	EndGlobalSection
	GlobalSection(ProjectConfigurationPlatforms) = postSolution
		{5457B1A0-50BD-413B-8124-B06FBF601203}.Debug|Any CPU.ActiveCfg = Debug|Any CPU
		{5457B1A0-50BD-413B-8124-B06FBF601203}.Debug|Any CPU.Build.0 = Debug|Any CPU
		{5457B1A0-50BD-413B-8124-B06FBF601203}.Release|Any CPU.ActiveCfg = Release|Any CPU
		{5457B1A0-50BD-413B-8124-B06FBF601203}.Release|Any CPU.Build.0 = Release|Any CPU
		{3D44902B-9656-4860-9F63-F8FA0A33EEF7}.Debug|Any CPU.ActiveCfg = Debug|Any CPU
		{3D44902B-9656-4860-9F63-F8FA0A33EEF7}.Debug|Any CPU.Build.0 = Debug|Any CPU
		{3D44902B-9656-4860-9F63-F8FA0A33EEF7}.Release|Any CPU.ActiveCfg = Release|Any CPU
		{3D44902B-9656-4860-9F63-F8FA0A33EEF7}.Release|Any CPU.Build.0 = Release|Any CPU
		{79D61DE9-78D4-4059-992F-3A9A3A0D9A61}.Debug|Any CPU.ActiveCfg = Debug|Any CPU
		{79D61DE9-78D4-4059-992F-3A9A3A0D9A61}.Debug|Any CPU.Build.0 = Debug|Any CPU
		{79D61DE9-78D4-4059-992F-3A9A3A0D9A61}.Release|Any CPU.ActiveCfg = Release|Any CPU
		{79D61DE9-78D4-4059-992F-3A9A3A0D9A61}.Release|Any CPU.Build.0 = Release|Any CPU
		{64D0BAD8-8DC3-4243-A53C-CEB6B044E770}.Debug|Any CPU.ActiveCfg = Debug|Any CPU
		{64D0BAD8-8DC3-4243-A53C-CEB6B044E770}.Debug|Any CPU.Build.0 = Debug|Any CPU
		{64D0BAD8-8DC3-4243-A53C-CEB6B044E770}.Release|Any CPU.ActiveCfg = Release|Any CPU
		{64D0BAD8-8DC3-4243-A53C-CEB6B044E770}.Release|Any CPU.Build.0 = Release|Any CPU
	EndGlobalSection
	GlobalSection(SolutionProperties) = preSolution
		HideSolutionNode = FALSE
	EndGlobalSection
	GlobalSection(ExtensibilityGlobals) = postSolution
		SolutionGuid = {FA1BA652-987C-4081-A0AC-09DD456D5617}
	EndGlobalSection
EndGlobal
